
Microsoft Visual Studio Solution File, Format Version 12.00
# Visual Studio Version 16
VisualStudioVersion = 16.0.34407.143
MinimumVisualStudioVersion = 10.0.40219.1
Project("{8BC9CEB8-8B4A-11D0-8D11-00A0C91BC942}") = "SocialClub DLL Replacement", "dirty_patch\dirty_patch.vcxproj", "{D404D671-401B-D407-8992-5F29F5E7A48F}"
EndProject
Global
	GlobalSection(SolutionConfigurationPlatforms) = preSolution
		Debug|x64 = Debug|x64
		Release|x64 = Release|x64
	EndGlobalSection
	GlobalSection(ProjectConfigurationPlatforms) = postSolution
		{D404D671-401B-D407-8992-5F29F5E7A48F}.Debug|x64.ActiveCfg = Debug|x64
		{D404D671-401B-D407-8992-5F29F5E7A48F}.Debug|x64.Build.0 = Debug|x64
		{D404D671-401B-D407-8992-5F29F5E7A48F}.Release|x64.ActiveCfg = Release|x64
		{D404D671-401B-D407-8992-5F29F5E7A48F}.Release|x64.Build.0 = Release|x64
	EndGlobalSection
	GlobalSection(SolutionProperties) = preSolution
		HideSolutionNode = FALSE
	EndGlobalSection
	GlobalSection(ExtensibilityGlobals) = postSolution
		SolutionGuid = {DC44C2FD-1817-42E1-BE6F-842B28821BCC}
	EndGlobalSection
EndGlobal
